{
  "name": "import",
  "lockfileVersion": 2,
  "requires": true,
  "packages": {
    "": {
      "devDependencies": {
        "seamless-texture-generator": "^1.4.9"
      }
    },
    "node_modules/seamless-texture-generator": {
      "version": "1.4.10",
      "resolved": "https://registry.npmjs.org/seamless-texture-generator/-/seamless-texture-generator-1.4.10.tgz",
      "integrity": "sha512-/GVsxPJFKg8QL86aiVhtaN5V9yu7oqdMLsxSp2DSsuWlTT/isRBMAub+QH8wA4d/gssMZLULWBbZlIy5JIizWQ==",
      "dev": true
    }
  },
  "dependencies": {
    "seamless-texture-generator": {
      "version": "1.4.10",
      "resolved": "https://registry.npmjs.org/seamless-texture-generator/-/seamless-texture-generator-1.4.10.tgz",
      "integrity": "sha512-/GVsxPJFKg8QL86aiVhtaN5V9yu7oqdMLsxSp2DSsuWlTT/isRBMAub+QH8wA4d/gssMZLULWBbZlIy5JIizWQ==",
      "dev": true
    }
  }
}
