{
  "name": "import",
  "lockfileVersion": 2,
  "requires": true,
  "packages": {
    "": {
      "devDependencies": {
        "seamless-texture-generator": "^1.4.9"
      }
    },
    "node_modules/seamless-texture-generator": {
      "version": "1.4.9",
      "resolved": "https://registry.npmjs.org/seamless-texture-generator/-/seamless-texture-generator-1.4.9.tgz",
      "integrity": "sha512-xBOWx+LRJjd2rUEzg7CkcF6TQ4TjTheWCg1zXdxCwXMs9hPh3nL7KnYlovMas12VdlMKMmTbWqi3y2TiEtbPQg==",
      "dev": true
    }
  },
  "dependencies": {
    "seamless-texture-generator": {
      "version": "1.4.9",
      "resolved": "https://registry.npmjs.org/seamless-texture-generator/-/seamless-texture-generator-1.4.9.tgz",
      "integrity": "sha512-xBOWx+LRJjd2rUEzg7CkcF6TQ4TjTheWCg1zXdxCwXMs9hPh3nL7KnYlovMas12VdlMKMmTbWqi3y2TiEtbPQg==",
      "dev": true
    }
  }
}
